// !$*UTF8*$!
{
	archiveVersion = 1;
	classes = {
	};
	objectVersion = 63;
	objects = {

/* Begin PBXBuildFile section */
		01140F00FC8566F5CF1B2B73 /* Location_PickerView.swift in Sources */ = {isa = PBXBuildFile; fileRef = 82329CC482807B7C42E35528 /* Location_PickerView.swift */; };
		0331E1DB808CB25C78363F58 /* HomeView.swift in Sources */ = {isa = PBXBuildFile; fileRef = 47C23B9DBF7A3776F2910A53 /* HomeView.swift */; };
		085090371FE025DAAC69C23C /* LuggmaApp.swift in Sources */ = {isa = PBXBuildFile; fileRef = 098CC76211296654CCDC3699 /* LuggmaApp.swift */; };
		099B6A7F462F6E1172D51CDB /* Networking.swift in Sources */ = {isa = PBXBuildFile; fileRef = 3A6AD7AC26D5F2A346512598 /* Networking.swift */; };
		0C620A261866A2AF0F2AA3F9 /* CoachCall_HomeView.swift in Sources */ = {isa = PBXBuildFile; fileRef = 493BE8A6D218D24C8D03FAD6 /* CoachCall_HomeView.swift */; };
		0D6454CFFD116E13D25E559D /* Shop_HomeView.swift in Sources */ = {isa = PBXBuildFile; fileRef = 507CFD835587E1E6D0BF5BF5 /* Shop_HomeView.swift */; };
		12375C24A4A8BECC4A1B455C /* Story_PreviewView.swift in Sources */ = {isa = PBXBuildFile; fileRef = B515446AFDE087EFADA980BE /* Story_PreviewView.swift */; };
		12875F2B7F79B7CE7F07B6D3 /* DebugTag.swift in Sources */ = {isa = PBXBuildFile; fileRef = 88D59DC7C65D7076E1E0B9B3 /* DebugTag.swift */; };
		15432C94D65EA42FBBD43391 /* Shop_OrderSummaryView.swift in Sources */ = {isa = PBXBuildFile; fileRef = 84349656E1C7ABB113802093 /* Shop_OrderSummaryView.swift */; };
		1895D92198EFE2636FE0D601 /* Shop_OrderHistoryView.swift in Sources */ = {isa = PBXBuildFile; fileRef = 17AD33967B2B71B9250C585B /* Shop_OrderHistoryView.swift */; };
		19A33E67B96949D7A1D5E9A5 /* DebugConnect.swift in Sources */ = {isa = PBXBuildFile; fileRef = 3B4558B14A844888A3E5F104 /* DebugConnect.swift */; };
		1AE24B759D480DA1F1D55717 /* Media_UploadProgressView.swift in Sources */ = {isa = PBXBuildFile; fileRef = 61A28FF8E5C77097D0AB5B3A /* Media_UploadProgressView.swift */; };
		245B54FD03B210468CCF8297 /* CoachCall_CallNowView.swift in Sources */ = {isa = PBXBuildFile; fileRef = 671F9F857A6AD4933962A324 /* CoachCall_CallNowView.swift */; };
		2666E2E7BE1294B33FAAE63D /* Profile_HomeView.swift in Sources */ = {isa = PBXBuildFile; fileRef = 1A236835477F9B2A6AFCFE88 /* Profile_HomeView.swift */; };
		29883BCEA4088C75DA7AA056 /* Premium_ManageSubscriptionView.swift in Sources */ = {isa = PBXBuildFile; fileRef = A3FC9AAF87429FF2D85921A8 /* Premium_ManageSubscriptionView.swift */; };
		2ADBABF13A95898E8BF8F80D /* DebugLayoutRecorder.swift in Sources */ = {isa = PBXBuildFile; fileRef = 10B0E4C6F3EA83606F7AC45B /* DebugLayoutRecorder.swift */; };
		2C667ED1649A688542214C99 /* SOS_DistractionCardsView.swift in Sources */ = {isa = PBXBuildFile; fileRef = B5D64DBE0E8AB0AB6E3FB1D1 /* SOS_DistractionCardsView.swift */; };
		2CF39398F1EFAD22E8C6E40F /* Onboarding_BenefitsView.swift in Sources */ = {isa = PBXBuildFile; fileRef = F5570C3BFBE5AD84A7761ED7 /* Onboarding_BenefitsView.swift */; };
		2DA78B1DA1BB3A0451BE1129 /* Story_EditorView.swift in Sources */ = {isa = PBXBuildFile; fileRef = 441919B6E3D70A389D22A8CA /* Story_EditorView.swift */; };
		30BB99EDCE58280ECB308E17 /* Plan_OverviewView.swift in Sources */ = {isa = PBXBuildFile; fileRef = 281E54167260CBE96B7E1F0E /* Plan_OverviewView.swift */; };
		34292660A08828A28048FAE0 /* Community_PostComposerView.swift in Sources */ = {isa = PBXBuildFile; fileRef = 0AA0EB925AE42FE85C904B1F /* Community_PostComposerView.swift */; };
		389BE065698BE18E066124BD /* Plan_ReminderSettingsView.swift in Sources */ = {isa = PBXBuildFile; fileRef = A09A5CF46520E74E7E7578F7 /* Plan_ReminderSettingsView.swift */; };
		3B18A5D16E2D49398C00E7BE /* Onboarding_AssessmentView.swift in Sources */ = {isa = PBXBuildFile; fileRef = E853F978B2D14D25DD56859D /* Onboarding_AssessmentView.swift */; };
		3EAC3FF124E3839622F511BF /* Location_PermissionView.swift in Sources */ = {isa = PBXBuildFile; fileRef = 86076E802CD63978BD3943FF /* Location_PermissionView.swift */; };
		403C7212B25F3402DE0BB794 /* AppTabView.swift in Sources */ = {isa = PBXBuildFile; fileRef = 848B1A38CB6F5E2005DCFE09 /* AppTabView.swift */; };
		410A0D6D3880FA7277120F68 /* SOS_ReframeView.swift in Sources */ = {isa = PBXBuildFile; fileRef = 4A9B1A1E10B368572E4B6A1A /* SOS_ReframeView.swift */; };
		468F76B4343C229C655E7171 /* Premium_PaywallView.swift in Sources */ = {isa = PBXBuildFile; fileRef = 2E722046BEADB4173818ABDC /* Premium_PaywallView.swift */; };
		49188BED010107F9CD689D81 /* Profile_NotificationSettingsView.swift in Sources */ = {isa = PBXBuildFile; fileRef = 74F034EBCBC4C7C4B3F31B6B /* Profile_NotificationSettingsView.swift */; };
		4A4F52E611CEF11DCBF01407 /* CoachCall_SummaryView.swift in Sources */ = {isa = PBXBuildFile; fileRef = 17794364914624E0636D1658 /* CoachCall_SummaryView.swift */; };
		4B78D2AD4413CD76AAC3831F /* Onboarding_WelcomeView.swift in Sources */ = {isa = PBXBuildFile; fileRef = AA2AD0B3EDB311B1F3D7D3BA /* Onboarding_WelcomeView.swift */; };
		4F76E7C8AFBA6C04F2B9B6BE /* LiveInspectorKit.swift in Sources */ = {isa = PBXBuildFile; fileRef = 2B54C4D93E229D02C6760B89 /* LiveInspectorKit.swift */; };
		50EEFE2C674EB1258CD38F1E /* CoachCall_NotesView.swift in Sources */ = {isa = PBXBuildFile; fileRef = 9EB0334F1A55DA94B336A5E0 /* CoachCall_NotesView.swift */; };
		59B0CB0004956F030FD6BFF6 /* SOS_HomeView.swift in Sources */ = {isa = PBXBuildFile; fileRef = 50CE95289BBD999E198AA7B6 /* SOS_HomeView.swift */; };
		5D4085ED064F4841FCF506FD /* AnimatedCheckmark.swift in Sources */ = {isa = PBXBuildFile; fileRef = 9110E020A50EA2F9755A0693 /* AnimatedCheckmark.swift */; };
		5D7E5B728AFAFE6EF871D6E1 /* Onboarding_ConsentView.swift in Sources */ = {isa = PBXBuildFile; fileRef = F51B7E578477271F9A776992 /* Onboarding_ConsentView.swift */; };
		5F4C9BEBA3FEC0AF4B21D0DE /* InspectorCore.swift in Sources */ = {isa = PBXBuildFile; fileRef = 5DF9F2E7C59E4E08B9F77602 /* InspectorCore.swift */; };
		62024A54D115B9864407F6CF /* SOS_CompleteView.swift in Sources */ = {isa = PBXBuildFile; fileRef = F94931978EEF4448B5F22495 /* SOS_CompleteView.swift */; };
		668397CECB7F59F621DEF3A2 /* Profile_StreaksView.swift in Sources */ = {isa = PBXBuildFile; fileRef = DD8F79DFC22250F55DD16464 /* Profile_StreaksView.swift */; };
		67CE52F8C6E034E5BB6A96BE /* Analytics_ProgressChartsView.swift in Sources */ = {isa = PBXBuildFile; fileRef = 16632B988374E9D0F5433DCC /* Analytics_ProgressChartsView.swift */; };
		69D3BABC2515F9DCE0CD0451 /* CoachCall_ScheduleView.swift in Sources */ = {isa = PBXBuildFile; fileRef = 00AF3D8F5E9C3E2AAF6E0FF2 /* CoachCall_ScheduleView.swift */; };
		6C779BBB292526ACEC07D490 /* Shop_ProductDetailView.swift in Sources */ = {isa = PBXBuildFile; fileRef = C65F97D48FD625F7663EB42C /* Shop_ProductDetailView.swift */; };
		6E0B6144CFFBE428253C254B /* Analytics_WeeklySummaryView.swift in Sources */ = {isa = PBXBuildFile; fileRef = CAECC6D4E0A088F4F7DA7CAE /* Analytics_WeeklySummaryView.swift */; };
		75968C89453B2B0ACA4E2C66 /* Profile_BadgesView.swift in Sources */ = {isa = PBXBuildFile; fileRef = 24B0730678DA3BB9CAD2CC23 /* Profile_BadgesView.swift */; };
		77DA4D4C2EB34A620046C0BF /* LookinBootstrap.m in Sources */ = {isa = PBXBuildFile; fileRef = 77DA4D4B2EB34A620046C0BF /* LookinBootstrap.m */; };
		792427A18F0F243A5F6EB539 /* BreathingCircle.swift in Sources */ = {isa = PBXBuildFile; fileRef = 205998893F6FB0CBD85CE28C /* BreathingCircle.swift */; };
		7F1B90397B7CAD04C58BF53E /* Community_ProfileView.swift in Sources */ = {isa = PBXBuildFile; fileRef = CC777B34B663C5828A1EB487 /* Community_ProfileView.swift */; };
		811CC45936881246FFAA619D /* Onboarding_PlanReadyView.swift in Sources */ = {isa = PBXBuildFile; fileRef = 118EDB7E7BC2EC08B5B3E085 /* Onboarding_PlanReadyView.swift */; };
		877285B9B11E17F43192C4F6 /* Shop_CheckoutView.swift in Sources */ = {isa = PBXBuildFile; fileRef = 55409D08C20EE296F9164346 /* Shop_CheckoutView.swift */; };
		8DBD1EEFE35F2811ED234275 /* AppRouter.swift in Sources */ = {isa = PBXBuildFile; fileRef = 0CD6FB6AD249F58D63F1B290 /* AppRouter.swift */; };
		8FA2B2FC5AC525160E294241 /* Analytics_DashboardView.swift in Sources */ = {isa = PBXBuildFile; fileRef = 226B2B2C85C8F51D547FB134 /* Analytics_DashboardView.swift */; };
		93A3FABCD74D35678FB0CE97 /* Settings_ThemePickerView.swift in Sources */ = {isa = PBXBuildFile; fileRef = B802F6FEB8B2FC49DD3B5779 /* Settings_ThemePickerView.swift */; };
		983EA92B65676F3940D76639 /* Media_PlayerView.swift in Sources */ = {isa = PBXBuildFile; fileRef = D774CBEFFCA238204C7F59B4 /* Media_PlayerView.swift */; };
		9FF05B171A7A3BFAE3670190 /* Media_PickerView.swift in Sources */ = {isa = PBXBuildFile; fileRef = 529C1D6ECC012B628F5FCFEE /* Media_PickerView.swift */; };
		A16B3EB5E92A77B9E31F926F /* Onboarding_SignInView.swift in Sources */ = {isa = PBXBuildFile; fileRef = 3857FDF77DE52C7154806B96 /* Onboarding_SignInView.swift */; };
		AC45B2264158260BFB5A4D4E /* Plan_TaskListView.swift in Sources */ = {isa = PBXBuildFile; fileRef = 6D53B72644B0FEC5EBDA3047 /* Plan_TaskListView.swift */; };
		AE647A1253CF07676042B9E3 /* RootView.swift in Sources */ = {isa = PBXBuildFile; fileRef = F409FDB907E6B482A696D47F /* RootView.swift */; };
		B1030017F5CDBD49D40BBCD1 /* Settings_AppSettingsView.swift in Sources */ = {isa = PBXBuildFile; fileRef = AD68A15BE118D884C8578116 /* Settings_AppSettingsView.swift */; };
		B9952C191BA905C866CA1069 /* Profile_LegalView.swift in Sources */ = {isa = PBXBuildFile; fileRef = CD5C17C254275BE6548E0D0C /* Profile_LegalView.swift */; };
		B9D553A5114CB6FEAECE67F2 /* Settings_DebugView.swift in Sources */ = {isa = PBXBuildFile; fileRef = 18014EF55886BEF57E86D6AA /* Settings_DebugView.swift */; };
		BC04B41237988F41EDDEB715 /* Profile_EditProfileView.swift in Sources */ = {isa = PBXBuildFile; fileRef = F6016618EB4E13772F5A5D9C /* Profile_EditProfileView.swift */; };
		BFAAE4E04BD0F91FDD6E5956 /* Plan_HistoryView.swift in Sources */ = {isa = PBXBuildFile; fileRef = 047D0A189718D9831E848201 /* Plan_HistoryView.swift */; };
		C0A75646CA8731B30984FC7A /* Lessons_HomeView.swift in Sources */ = {isa = PBXBuildFile; fileRef = 3613454E45BB7DF268AC870D /* Lessons_HomeView.swift */; };
		C1B2371FED05E7ADA5BB1589 /* Community_FeedView.swift in Sources */ = {isa = PBXBuildFile; fileRef = 8864535D9260BF391829EEA6 /* Community_FeedView.swift */; };
		C464DC401CD65AE0E302A617 /* Theme.swift in Sources */ = {isa = PBXBuildFile; fileRef = 91147A155DC2D8EACD9C7929 /* Theme.swift */; };
		C6C80688570C0B38BCE352AB /* Community_PostDetailView.swift in Sources */ = {isa = PBXBuildFile; fileRef = 4BC7E1FE9536F84658FA963D /* Community_PostDetailView.swift */; };
		C96E533887F4A3E93EB529C6 /* Profile_AboutView.swift in Sources */ = {isa = PBXBuildFile; fileRef = 0CF209DD6ADFEA830B67B6BD /* Profile_AboutView.swift */; };
		CA3D11F55B67D6C97FDE32A2 /* Story_CameraView.swift in Sources */ = {isa = PBXBuildFile; fileRef = 00ECDE20014762CB432E9453 /* Story_CameraView.swift */; };
		CB3F11000C31C40E55A37FF6 /* Premium_BenefitsView.swift in Sources */ = {isa = PBXBuildFile; fileRef = 89AEB756863CC8437E689A0D /* Premium_BenefitsView.swift */; };
		CB5932265C3A8FC9C1AD118B /* Plan_QuitDatePickerView.swift in Sources */ = {isa = PBXBuildFile; fileRef = E8E7A0DF2AAF41E828CC66E2 /* Plan_QuitDatePickerView.swift */; };
		CD29750F907B8991419EF0BD /* Plan_WeeklyReportView.swift in Sources */ = {isa = PBXBuildFile; fileRef = D4CE709BE3191E9A88EB3007 /* Plan_WeeklyReportView.swift */; };
		CEE5EE43071D7C5E117B0D72 /* Shop_AddressBookView.swift in Sources */ = {isa = PBXBuildFile; fileRef = BF902E884E14EC7FE61BBD11 /* Shop_AddressBookView.swift */; };
		D48B647280999BB264AF563F /* SOS_BreathingView.swift in Sources */ = {isa = PBXBuildFile; fileRef = 7EA0B39B7B37503A7ACC3EA0 /* SOS_BreathingView.swift */; };
		D4AE08098288562F3ED5C6D9 /* SOS_BreathingPracticeView.swift in Sources */ = {isa = PBXBuildFile; fileRef = C69EC73AED0780AFF40C1512 /* SOS_BreathingPracticeView.swift */; };
		DA4AD1DAC6E595B9ED3CC417 /* Environment.swift in Sources */ = {isa = PBXBuildFile; fileRef = BE0068FC9B279688FA01BB67 /* Environment.swift */; };
		E459098507FDD9E85182F50B /* Pods_Luggma.framework in Frameworks */ = {isa = PBXBuildFile; fileRef = C2A265CEE760A105CC72F95D /* Pods_Luggma.framework */; };
		E674B9521D943642A50CB0FE /* Profile_PrivacySettingsView.swift in Sources */ = {isa = PBXBuildFile; fileRef = 4FD83DB9968C2E3576ED2A8B /* Profile_PrivacySettingsView.swift */; };
		EA26FBB9E0FC5D3EC08A34C2 /* Community_SearchView.swift in Sources */ = {isa = PBXBuildFile; fileRef = 33FA8A926826A5FF0D641194 /* Community_SearchView.swift */; };
		F3D171B99090AA6D81FA1DF6 /* Shop_CartView.swift in Sources */ = {isa = PBXBuildFile; fileRef = 070517093601152CD4228DBE /* Shop_CartView.swift */; };
		F566DC415A5D9C2573C062D7 /* Community_CommentsView.swift in Sources */ = {isa = PBXBuildFile; fileRef = 691F2BF359BE74273AE9B0C4 /* Community_CommentsView.swift */; };
		F9CE48F5A6ABB9F04361BF58 /* Story_ViewerView.swift in Sources */ = {isa = PBXBuildFile; fileRef = D6D8376399576DB05889689A /* Story_ViewerView.swift */; };
		FC668D8E72950EC2ACA209A2 /* Community_ReportView.swift in Sources */ = {isa = PBXBuildFile; fileRef = AF440BD21C297D2841733D0B /* Community_ReportView.swift */; };
		FD458C18634602C28DD57539 /* Story_ArchiveView.swift in Sources */ = {isa = PBXBuildFile; fileRef = F68FB915608A0E480D87E0CB /* Story_ArchiveView.swift */; };
/* End PBXBuildFile section */

/* Begin PBXFileReference section */
		00AF3D8F5E9C3E2AAF6E0FF2 /* CoachCall_ScheduleView.swift */ = {isa = PBXFileReference; lastKnownFileType = sourcecode.swift; path = CoachCall_ScheduleView.swift; sourceTree = "<group>"; };
		00ECDE20014762CB432E9453 /* Story_CameraView.swift */ = {isa = PBXFileReference; lastKnownFileType = sourcecode.swift; path = Story_CameraView.swift; sourceTree = "<group>"; };
		047D0A189718D9831E848201 /* Plan_HistoryView.swift */ = {isa = PBXFileReference; lastKnownFileType = sourcecode.swift; path = Plan_HistoryView.swift; sourceTree = "<group>"; };
		070517093601152CD4228DBE /* Shop_CartView.swift */ = {isa = PBXFileReference; lastKnownFileType = sourcecode.swift; path = Shop_CartView.swift; sourceTree = "<group>"; };
		098CC76211296654CCDC3699 /* LuggmaApp.swift */ = {isa = PBXFileReference; lastKnownFileType = sourcecode.swift; path = LuggmaApp.swift; sourceTree = "<group>"; };
		0AA0EB925AE42FE85C904B1F /* Community_PostComposerView.swift */ = {isa = PBXFileReference; lastKnownFileType = sourcecode.swift; path = Community_PostComposerView.swift; sourceTree = "<group>"; };
		0CD6FB6AD249F58D63F1B290 /* AppRouter.swift */ = {isa = PBXFileReference; lastKnownFileType = sourcecode.swift; path = AppRouter.swift; sourceTree = "<group>"; };
		0CF209DD6ADFEA830B67B6BD /* Profile_AboutView.swift */ = {isa = PBXFileReference; lastKnownFileType = sourcecode.swift; path = Profile_AboutView.swift; sourceTree = "<group>"; };
		10B0E4C6F3EA83606F7AC45B /* DebugLayoutRecorder.swift */ = {isa = PBXFileReference; lastKnownFileType = sourcecode.swift; path = DebugLayoutRecorder.swift; sourceTree = "<group>"; };
		118EDB7E7BC2EC08B5B3E085 /* Onboarding_PlanReadyView.swift */ = {isa = PBXFileReference; lastKnownFileType = sourcecode.swift; path = Onboarding_PlanReadyView.swift; sourceTree = "<group>"; };
		16632B988374E9D0F5433DCC /* Analytics_ProgressChartsView.swift */ = {isa = PBXFileReference; lastKnownFileType = sourcecode.swift; path = Analytics_ProgressChartsView.swift; sourceTree = "<group>"; };
		17794364914624E0636D1658 /* CoachCall_SummaryView.swift */ = {isa = PBXFileReference; lastKnownFileType = sourcecode.swift; path = CoachCall_SummaryView.swift; sourceTree = "<group>"; };
		17AD33967B2B71B9250C585B /* Shop_OrderHistoryView.swift */ = {isa = PBXFileReference; lastKnownFileType = sourcecode.swift; path = Shop_OrderHistoryView.swift; sourceTree = "<group>"; };
		18014EF55886BEF57E86D6AA /* Settings_DebugView.swift */ = {isa = PBXFileReference; lastKnownFileType = sourcecode.swift; path = Settings_DebugView.swift; sourceTree = "<group>"; };
		1A236835477F9B2A6AFCFE88 /* Profile_HomeView.swift */ = {isa = PBXFileReference; lastKnownFileType = sourcecode.swift; path = Profile_HomeView.swift; sourceTree = "<group>"; };
		205998893F6FB0CBD85CE28C /* BreathingCircle.swift */ = {isa = PBXFileReference; lastKnownFileType = sourcecode.swift; path = BreathingCircle.swift; sourceTree = "<group>"; };
		226B2B2C85C8F51D547FB134 /* Analytics_DashboardView.swift */ = {isa = PBXFileReference; lastKnownFileType = sourcecode.swift; path = Analytics_DashboardView.swift; sourceTree = "<group>"; };
		24B0730678DA3BB9CAD2CC23 /* Profile_BadgesView.swift */ = {isa = PBXFileReference; lastKnownFileType = sourcecode.swift; path = Profile_BadgesView.swift; sourceTree = "<group>"; };
		281E54167260CBE96B7E1F0E /* Plan_OverviewView.swift */ = {isa = PBXFileReference; lastKnownFileType = sourcecode.swift; path = Plan_OverviewView.swift; sourceTree = "<group>"; };
		2B54C4D93E229D02C6760B89 /* LiveInspectorKit.swift */ = {isa = PBXFileReference; lastKnownFileType = sourcecode.swift; path = LiveInspectorKit.swift; sourceTree = "<group>"; };
		2E722046BEADB4173818ABDC /* Premium_PaywallView.swift */ = {isa = PBXFileReference; lastKnownFileType = sourcecode.swift; path = Premium_PaywallView.swift; sourceTree = "<group>"; };
		33FA8A926826A5FF0D641194 /* Community_SearchView.swift */ = {isa = PBXFileReference; lastKnownFileType = sourcecode.swift; path = Community_SearchView.swift; sourceTree = "<group>"; };
		3613454E45BB7DF268AC870D /* Lessons_HomeView.swift */ = {isa = PBXFileReference; lastKnownFileType = sourcecode.swift; path = Lessons_HomeView.swift; sourceTree = "<group>"; };
		3857FDF77DE52C7154806B96 /* Onboarding_SignInView.swift */ = {isa = PBXFileReference; lastKnownFileType = sourcecode.swift; path = Onboarding_SignInView.swift; sourceTree = "<group>"; };
		3A6AD7AC26D5F2A346512598 /* Networking.swift */ = {isa = PBXFileReference; lastKnownFileType = sourcecode.swift; path = Networking.swift; sourceTree = "<group>"; };
		3B4558B14A844888A3E5F104 /* DebugConnect.swift */ = {isa = PBXFileReference; lastKnownFileType = sourcecode.swift; path = DebugConnect.swift; sourceTree = "<group>"; };
		441919B6E3D70A389D22A8CA /* Story_EditorView.swift */ = {isa = PBXFileReference; lastKnownFileType = sourcecode.swift; path = Story_EditorView.swift; sourceTree = "<group>"; };
		47C23B9DBF7A3776F2910A53 /* HomeView.swift */ = {isa = PBXFileReference; lastKnownFileType = sourcecode.swift; path = HomeView.swift; sourceTree = "<group>"; };
		493BE8A6D218D24C8D03FAD6 /* CoachCall_HomeView.swift */ = {isa = PBXFileReference; lastKnownFileType = sourcecode.swift; path = CoachCall_HomeView.swift; sourceTree = "<group>"; };
		4A9B1A1E10B368572E4B6A1A /* SOS_ReframeView.swift */ = {isa = PBXFileReference; lastKnownFileType = sourcecode.swift; path = SOS_ReframeView.swift; sourceTree = "<group>"; };
		4BC7E1FE9536F84658FA963D /* Community_PostDetailView.swift */ = {isa = PBXFileReference; lastKnownFileType = sourcecode.swift; path = Community_PostDetailView.swift; sourceTree = "<group>"; };
		4FD83DB9968C2E3576ED2A8B /* Profile_PrivacySettingsView.swift */ = {isa = PBXFileReference; lastKnownFileType = sourcecode.swift; path = Profile_PrivacySettingsView.swift; sourceTree = "<group>"; };
		507CFD835587E1E6D0BF5BF5 /* Shop_HomeView.swift */ = {isa = PBXFileReference; lastKnownFileType = sourcecode.swift; path = Shop_HomeView.swift; sourceTree = "<group>"; };
		50CE95289BBD999E198AA7B6 /* SOS_HomeView.swift */ = {isa = PBXFileReference; lastKnownFileType = sourcecode.swift; path = SOS_HomeView.swift; sourceTree = "<group>"; };
		529C1D6ECC012B628F5FCFEE /* Media_PickerView.swift */ = {isa = PBXFileReference; lastKnownFileType = sourcecode.swift; path = Media_PickerView.swift; sourceTree = "<group>"; };
		55409D08C20EE296F9164346 /* Shop_CheckoutView.swift */ = {isa = PBXFileReference; lastKnownFileType = sourcecode.swift; path = Shop_CheckoutView.swift; sourceTree = "<group>"; };
		5DF9F2E7C59E4E08B9F77602 /* InspectorCore.swift */ = {isa = PBXFileReference; lastKnownFileType = sourcecode.swift; path = InspectorCore.swift; sourceTree = "<group>"; };
		61A28FF8E5C77097D0AB5B3A /* Media_UploadProgressView.swift */ = {isa = PBXFileReference; lastKnownFileType = sourcecode.swift; path = Media_UploadProgressView.swift; sourceTree = "<group>"; };
		671F9F857A6AD4933962A324 /* CoachCall_CallNowView.swift */ = {isa = PBXFileReference; lastKnownFileType = sourcecode.swift; path = CoachCall_CallNowView.swift; sourceTree = "<group>"; };
		691F2BF359BE74273AE9B0C4 /* Community_CommentsView.swift */ = {isa = PBXFileReference; lastKnownFileType = sourcecode.swift; path = Community_CommentsView.swift; sourceTree = "<group>"; };
		6D53B72644B0FEC5EBDA3047 /* Plan_TaskListView.swift */ = {isa = PBXFileReference; lastKnownFileType = sourcecode.swift; path = Plan_TaskListView.swift; sourceTree = "<group>"; };
		74F034EBCBC4C7C4B3F31B6B /* Profile_NotificationSettingsView.swift */ = {isa = PBXFileReference; lastKnownFileType = sourcecode.swift; path = Profile_NotificationSettingsView.swift; sourceTree = "<group>"; };
		77DA4D4A2EB34A620046C0BF /* Luggma-Bridging-Header.h */ = {isa = PBXFileReference; lastKnownFileType = sourcecode.c.h; path = "Luggma-Bridging-Header.h"; sourceTree = "<group>"; };
		77DA4D4B2EB34A620046C0BF /* LookinBootstrap.m */ = {isa = PBXFileReference; lastKnownFileType = sourcecode.c.objc; path = LookinBootstrap.m; sourceTree = "<group>"; };
		7A0654B549F976A37AF9BCC1 /* Pods-Luggma.release.xcconfig */ = {isa = PBXFileReference; includeInIndex = 1; lastKnownFileType = text.xcconfig; name = "Pods-Luggma.release.xcconfig"; path = "Target Support Files/Pods-Luggma/Pods-Luggma.release.xcconfig"; sourceTree = "<group>"; };
		7EA0B39B7B37503A7ACC3EA0 /* SOS_BreathingView.swift */ = {isa = PBXFileReference; lastKnownFileType = sourcecode.swift; path = SOS_BreathingView.swift; sourceTree = "<group>"; };
		7FF279CF812475276247E0C7 /* Pods-Luggma.debug.xcconfig */ = {isa = PBXFileReference; includeInIndex = 1; lastKnownFileType = text.xcconfig; name = "Pods-Luggma.debug.xcconfig"; path = "Target Support Files/Pods-Luggma/Pods-Luggma.debug.xcconfig"; sourceTree = "<group>"; };
		82329CC482807B7C42E35528 /* Location_PickerView.swift */ = {isa = PBXFileReference; lastKnownFileType = sourcecode.swift; path = Location_PickerView.swift; sourceTree = "<group>"; };
		84349656E1C7ABB113802093 /* Shop_OrderSummaryView.swift */ = {isa = PBXFileReference; lastKnownFileType = sourcecode.swift; path = Shop_OrderSummaryView.swift; sourceTree = "<group>"; };
		848B1A38CB6F5E2005DCFE09 /* AppTabView.swift */ = {isa = PBXFileReference; lastKnownFileType = sourcecode.swift; path = AppTabView.swift; sourceTree = "<group>"; };
		86076E802CD63978BD3943FF /* Location_PermissionView.swift */ = {isa = PBXFileReference; lastKnownFileType = sourcecode.swift; path = Location_PermissionView.swift; sourceTree = "<group>"; };
		8864535D9260BF391829EEA6 /* Community_FeedView.swift */ = {isa = PBXFileReference; lastKnownFileType = sourcecode.swift; path = Community_FeedView.swift; sourceTree = "<group>"; };
		88D59DC7C65D7076E1E0B9B3 /* DebugTag.swift */ = {isa = PBXFileReference; lastKnownFileType = sourcecode.swift; path = DebugTag.swift; sourceTree = "<group>"; };
		89AEB756863CC8437E689A0D /* Premium_BenefitsView.swift */ = {isa = PBXFileReference; lastKnownFileType = sourcecode.swift; path = Premium_BenefitsView.swift; sourceTree = "<group>"; };
		8C40C062D35CE730815B99F8 /* Info.plist */ = {isa = PBXFileReference; lastKnownFileType = text.plist; path = Info.plist; sourceTree = "<group>"; };
		9110E020A50EA2F9755A0693 /* AnimatedCheckmark.swift */ = {isa = PBXFileReference; lastKnownFileType = sourcecode.swift; path = AnimatedCheckmark.swift; sourceTree = "<group>"; };
		91147A155DC2D8EACD9C7929 /* Theme.swift */ = {isa = PBXFileReference; lastKnownFileType = sourcecode.swift; path = Theme.swift; sourceTree = "<group>"; };
		9EB0334F1A55DA94B336A5E0 /* CoachCall_NotesView.swift */ = {isa = PBXFileReference; lastKnownFileType = sourcecode.swift; path = CoachCall_NotesView.swift; sourceTree = "<group>"; };
		A09A5CF46520E74E7E7578F7 /* Plan_ReminderSettingsView.swift */ = {isa = PBXFileReference; lastKnownFileType = sourcecode.swift; path = Plan_ReminderSettingsView.swift; sourceTree = "<group>"; };
		A3FC9AAF87429FF2D85921A8 /* Premium_ManageSubscriptionView.swift */ = {isa = PBXFileReference; lastKnownFileType = sourcecode.swift; path = Premium_ManageSubscriptionView.swift; sourceTree = "<group>"; };
		AA2AD0B3EDB311B1F3D7D3BA /* Onboarding_WelcomeView.swift */ = {isa = PBXFileReference; lastKnownFileType = sourcecode.swift; path = Onboarding_WelcomeView.swift; sourceTree = "<group>"; };
		AD68A15BE118D884C8578116 /* Settings_AppSettingsView.swift */ = {isa = PBXFileReference; lastKnownFileType = sourcecode.swift; path = Settings_AppSettingsView.swift; sourceTree = "<group>"; };
		AF440BD21C297D2841733D0B /* Community_ReportView.swift */ = {isa = PBXFileReference; lastKnownFileType = sourcecode.swift; path = Community_ReportView.swift; sourceTree = "<group>"; };
		B4A8EFE44C26134AFE7FA49F /* Luggma.app */ = {isa = PBXFileReference; explicitFileType = wrapper.application; includeInIndex = 0; path = Luggma.app; sourceTree = BUILT_PRODUCTS_DIR; };
		B515446AFDE087EFADA980BE /* Story_PreviewView.swift */ = {isa = PBXFileReference; lastKnownFileType = sourcecode.swift; path = Story_PreviewView.swift; sourceTree = "<group>"; };
		B5D64DBE0E8AB0AB6E3FB1D1 /* SOS_DistractionCardsView.swift */ = {isa = PBXFileReference; lastKnownFileType = sourcecode.swift; path = SOS_DistractionCardsView.swift; sourceTree = "<group>"; };
		B802F6FEB8B2FC49DD3B5779 /* Settings_ThemePickerView.swift */ = {isa = PBXFileReference; lastKnownFileType = sourcecode.swift; path = Settings_ThemePickerView.swift; sourceTree = "<group>"; };
		BE0068FC9B279688FA01BB67 /* Environment.swift */ = {isa = PBXFileReference; lastKnownFileType = sourcecode.swift; path = Environment.swift; sourceTree = "<group>"; };
		BF902E884E14EC7FE61BBD11 /* Shop_AddressBookView.swift */ = {isa = PBXFileReference; lastKnownFileType = sourcecode.swift; path = Shop_AddressBookView.swift; sourceTree = "<group>"; };
		C2A265CEE760A105CC72F95D /* Pods_Luggma.framework */ = {isa = PBXFileReference; explicitFileType = wrapper.framework; includeInIndex = 0; path = Pods_Luggma.framework; sourceTree = BUILT_PRODUCTS_DIR; };
		C65F97D48FD625F7663EB42C /* Shop_ProductDetailView.swift */ = {isa = PBXFileReference; lastKnownFileType = sourcecode.swift; path = Shop_ProductDetailView.swift; sourceTree = "<group>"; };
		C69EC73AED0780AFF40C1512 /* SOS_BreathingPracticeView.swift */ = {isa = PBXFileReference; lastKnownFileType = sourcecode.swift; path = SOS_BreathingPracticeView.swift; sourceTree = "<group>"; };
		CAECC6D4E0A088F4F7DA7CAE /* Analytics_WeeklySummaryView.swift */ = {isa = PBXFileReference; lastKnownFileType = sourcecode.swift; path = Analytics_WeeklySummaryView.swift; sourceTree = "<group>"; };
		CC777B34B663C5828A1EB487 /* Community_ProfileView.swift */ = {isa = PBXFileReference; lastKnownFileType = sourcecode.swift; path = Community_ProfileView.swift; sourceTree = "<group>"; };
		CD5C17C254275BE6548E0D0C /* Profile_LegalView.swift */ = {isa = PBXFileReference; lastKnownFileType = sourcecode.swift; path = Profile_LegalView.swift; sourceTree = "<group>"; };
		D4CE709BE3191E9A88EB3007 /* Plan_WeeklyReportView.swift */ = {isa = PBXFileReference; lastKnownFileType = sourcecode.swift; path = Plan_WeeklyReportView.swift; sourceTree = "<group>"; };
		D6D8376399576DB05889689A /* Story_ViewerView.swift */ = {isa = PBXFileReference; lastKnownFileType = sourcecode.swift; path = Story_ViewerView.swift; sourceTree = "<group>"; };
		D774CBEFFCA238204C7F59B4 /* Media_PlayerView.swift */ = {isa = PBXFileReference; lastKnownFileType = sourcecode.swift; path = Media_PlayerView.swift; sourceTree = "<group>"; };
		DD8F79DFC22250F55DD16464 /* Profile_StreaksView.swift */ = {isa = PBXFileReference; lastKnownFileType = sourcecode.swift; path = Profile_StreaksView.swift; sourceTree = "<group>"; };
		E853F978B2D14D25DD56859D /* Onboarding_AssessmentView.swift */ = {isa = PBXFileReference; lastKnownFileType = sourcecode.swift; path = Onboarding_AssessmentView.swift; sourceTree = "<group>"; };
		E8E7A0DF2AAF41E828CC66E2 /* Plan_QuitDatePickerView.swift */ = {isa = PBXFileReference; lastKnownFileType = sourcecode.swift; path = Plan_QuitDatePickerView.swift; sourceTree = "<group>"; };
		F409FDB907E6B482A696D47F /* RootView.swift */ = {isa = PBXFileReference; lastKnownFileType = sourcecode.swift; path = RootView.swift; sourceTree = "<group>"; };
		F51B7E578477271F9A776992 /* Onboarding_ConsentView.swift */ = {isa = PBXFileReference; lastKnownFileType = sourcecode.swift; path = Onboarding_ConsentView.swift; sourceTree = "<group>"; };
		F5570C3BFBE5AD84A7761ED7 /* Onboarding_BenefitsView.swift */ = {isa = PBXFileReference; lastKnownFileType = sourcecode.swift; path = Onboarding_BenefitsView.swift; sourceTree = "<group>"; };
		F6016618EB4E13772F5A5D9C /* Profile_EditProfileView.swift */ = {isa = PBXFileReference; lastKnownFileType = sourcecode.swift; path = Profile_EditProfileView.swift; sourceTree = "<group>"; };
		F68FB915608A0E480D87E0CB /* Story_ArchiveView.swift */ = {isa = PBXFileReference; lastKnownFileType = sourcecode.swift; path = Story_ArchiveView.swift; sourceTree = "<group>"; };
		F94931978EEF4448B5F22495 /* SOS_CompleteView.swift */ = {isa = PBXFileReference; lastKnownFileType = sourcecode.swift; path = SOS_CompleteView.swift; sourceTree = "<group>"; };
/* End PBXFileReference section */

/* Begin PBXFrameworksBuildPhase section */
		543DD1044953A0CD6F9F336F /* Frameworks */ = {
			isa = PBXFrameworksBuildPhase;
			buildActionMask = 2147483647;
			files = (
				E459098507FDD9E85182F50B /* Pods_Luggma.framework in Frameworks */,
			);
			runOnlyForDeploymentPostprocessing = 0;
		};
/* End PBXFrameworksBuildPhase section */

/* Begin PBXGroup section */
		1D42E65C16053EC14C54232A /* Components */ = {
			isa = PBXGroup;
			children = (
				9110E020A50EA2F9755A0693 /* AnimatedCheckmark.swift */,
				205998893F6FB0CBD85CE28C /* BreathingCircle.swift */,
			);
			path = Components;
			sourceTree = "<group>";
		};
		1D92E3073E3244DE248C8249 /* Community */ = {
			isa = PBXGroup;
			children = (
				691F2BF359BE74273AE9B0C4 /* Community_CommentsView.swift */,
				8864535D9260BF391829EEA6 /* Community_FeedView.swift */,
				0AA0EB925AE42FE85C904B1F /* Community_PostComposerView.swift */,
				4BC7E1FE9536F84658FA963D /* Community_PostDetailView.swift */,
				CC777B34B663C5828A1EB487 /* Community_ProfileView.swift */,
				AF440BD21C297D2841733D0B /* Community_ReportView.swift */,
				33FA8A926826A5FF0D641194 /* Community_SearchView.swift */,
				E57936B7DFC992E7774C5FAE /* Location */,
				45984DC3B716E0A7A7383C8D /* Media */,
				DCE8FFB1ED4DB5A9DDC91CED /* Stories */,
			);
			path = Community;
			sourceTree = "<group>";
		};
		344A37157A987B534682979B = {
			isa = PBXGroup;
			children = (
				A9F6D64EEDF449CA08F2D158 /* LuggmaApp */,
				94890B8122A4FD6F60FF8AD4 /* Products */,
				3CEFAEAB9C926EBDB76FFA24 /* Pods */,
				E38D478119BCEB86106505B1 /* Frameworks */,
			);
			sourceTree = "<group>";
		};
		3B4717F15499435AE796A43D /* CoachCall */ = {
			isa = PBXGroup;
			children = (
				671F9F857A6AD4933962A324 /* CoachCall_CallNowView.swift */,
				493BE8A6D218D24C8D03FAD6 /* CoachCall_HomeView.swift */,
				9EB0334F1A55DA94B336A5E0 /* CoachCall_NotesView.swift */,
				00AF3D8F5E9C3E2AAF6E0FF2 /* CoachCall_ScheduleView.swift */,
				17794364914624E0636D1658 /* CoachCall_SummaryView.swift */,
			);
			path = CoachCall;
			sourceTree = "<group>";
		};
		3CEFAEAB9C926EBDB76FFA24 /* Pods */ = {
			isa = PBXGroup;
			children = (
				7FF279CF812475276247E0C7 /* Pods-Luggma.debug.xcconfig */,
				7A0654B549F976A37AF9BCC1 /* Pods-Luggma.release.xcconfig */,
			);
			path = Pods;
			sourceTree = "<group>";
		};
		44F868F47F35100648F72F03 /* Lessons */ = {
			isa = PBXGroup;
			children = (
				3613454E45BB7DF268AC870D /* Lessons_HomeView.swift */,
			);
			path = Lessons;
			sourceTree = "<group>";
		};
		45984DC3B716E0A7A7383C8D /* Media */ = {
			isa = PBXGroup;
			children = (
				529C1D6ECC012B628F5FCFEE /* Media_PickerView.swift */,
				D774CBEFFCA238204C7F59B4 /* Media_PlayerView.swift */,
				61A28FF8E5C77097D0AB5B3A /* Media_UploadProgressView.swift */,
			);
			path = Media;
			sourceTree = "<group>";
		};
		4619E73968B217FFCBB3F8B9 /* Settings */ = {
			isa = PBXGroup;
			children = (
				AD68A15BE118D884C8578116 /* Settings_AppSettingsView.swift */,
				18014EF55886BEF57E86D6AA /* Settings_DebugView.swift */,
				B802F6FEB8B2FC49DD3B5779 /* Settings_ThemePickerView.swift */,
			);
			path = Settings;
			sourceTree = "<group>";
		};
		5847E85D7961832F082EC1B6 /* Shop */ = {
			isa = PBXGroup;
			children = (
				BF902E884E14EC7FE61BBD11 /* Shop_AddressBookView.swift */,
				070517093601152CD4228DBE /* Shop_CartView.swift */,
				55409D08C20EE296F9164346 /* Shop_CheckoutView.swift */,
				507CFD835587E1E6D0BF5BF5 /* Shop_HomeView.swift */,
				17AD33967B2B71B9250C585B /* Shop_OrderHistoryView.swift */,
				84349656E1C7ABB113802093 /* Shop_OrderSummaryView.swift */,
				C65F97D48FD625F7663EB42C /* Shop_ProductDetailView.swift */,
			);
			path = Shop;
			sourceTree = "<group>";
		};
		6683BD1A8487163BE50BEF09 /* SOS */ = {
			isa = PBXGroup;
			children = (
				C69EC73AED0780AFF40C1512 /* SOS_BreathingPracticeView.swift */,
				7EA0B39B7B37503A7ACC3EA0 /* SOS_BreathingView.swift */,
				F94931978EEF4448B5F22495 /* SOS_CompleteView.swift */,
				B5D64DBE0E8AB0AB6E3FB1D1 /* SOS_DistractionCardsView.swift */,
				50CE95289BBD999E198AA7B6 /* SOS_HomeView.swift */,
				4A9B1A1E10B368572E4B6A1A /* SOS_ReframeView.swift */,
			);
			path = SOS;
			sourceTree = "<group>";
		};
		7CB903C019D0FEBDD4764007 /* Analytics */ = {
			isa = PBXGroup;
			children = (
				226B2B2C85C8F51D547FB134 /* Analytics_DashboardView.swift */,
				16632B988374E9D0F5433DCC /* Analytics_ProgressChartsView.swift */,
				CAECC6D4E0A088F4F7DA7CAE /* Analytics_WeeklySummaryView.swift */,
			);
			path = Analytics;
			sourceTree = "<group>";
		};
		90584B35F70AA8AA5798C854 /* Plan */ = {
			isa = PBXGroup;
			children = (
				047D0A189718D9831E848201 /* Plan_HistoryView.swift */,
				281E54167260CBE96B7E1F0E /* Plan_OverviewView.swift */,
				E8E7A0DF2AAF41E828CC66E2 /* Plan_QuitDatePickerView.swift */,
				A09A5CF46520E74E7E7578F7 /* Plan_ReminderSettingsView.swift */,
				6D53B72644B0FEC5EBDA3047 /* Plan_TaskListView.swift */,
				D4CE709BE3191E9A88EB3007 /* Plan_WeeklyReportView.swift */,
			);
			path = Plan;
			sourceTree = "<group>";
		};
		94890B8122A4FD6F60FF8AD4 /* Products */ = {
			isa = PBXGroup;
			children = (
				B4A8EFE44C26134AFE7FA49F /* Luggma.app */,
			);
			name = Products;
			sourceTree = "<group>";
		};
		A5F6F771294453A447202215 /* Profile */ = {
			isa = PBXGroup;
			children = (
				0CF209DD6ADFEA830B67B6BD /* Profile_AboutView.swift */,
				24B0730678DA3BB9CAD2CC23 /* Profile_BadgesView.swift */,
				F6016618EB4E13772F5A5D9C /* Profile_EditProfileView.swift */,
				1A236835477F9B2A6AFCFE88 /* Profile_HomeView.swift */,
				CD5C17C254275BE6548E0D0C /* Profile_LegalView.swift */,
				74F034EBCBC4C7C4B3F31B6B /* Profile_NotificationSettingsView.swift */,
				4FD83DB9968C2E3576ED2A8B /* Profile_PrivacySettingsView.swift */,
				DD8F79DFC22250F55DD16464 /* Profile_StreaksView.swift */,
			);
			path = Profile;
			sourceTree = "<group>";
		};
		A706DBE826879AEBA5E20348 /* Features */ = {
			isa = PBXGroup;
			children = (
				7CB903C019D0FEBDD4764007 /* Analytics */,
				3B4717F15499435AE796A43D /* CoachCall */,
				1D92E3073E3244DE248C8249 /* Community */,
				44F868F47F35100648F72F03 /* Lessons */,
				E6F20C974810C34F3757BF7D /* Onboarding */,
				90584B35F70AA8AA5798C854 /* Plan */,
				F43DC12C2792422B0957F5FF /* Premium */,
				A5F6F771294453A447202215 /* Profile */,
				4619E73968B217FFCBB3F8B9 /* Settings */,
				5847E85D7961832F082EC1B6 /* Shop */,
				6683BD1A8487163BE50BEF09 /* SOS */,
			);
			path = Features;
			sourceTree = "<group>";
		};
		A9F6D64EEDF449CA08F2D158 /* LuggmaApp */ = {
			isa = PBXGroup;
			children = (
				0CD6FB6AD249F58D63F1B290 /* AppRouter.swift */,
				848B1A38CB6F5E2005DCFE09 /* AppTabView.swift */,
				47C23B9DBF7A3776F2910A53 /* HomeView.swift */,
				8C40C062D35CE730815B99F8 /* Info.plist */,
				098CC76211296654CCDC3699 /* LuggmaApp.swift */,
				77DA4D4B2EB34A620046C0BF /* LookinBootstrap.m */,
				F409FDB907E6B482A696D47F /* RootView.swift */,
				1D42E65C16053EC14C54232A /* Components */,
				CEE2B8B7BB8E2518B3829D42 /* Core */,
				FA49251E81AF2DABBF906A89 /* DesignSystem */,
				A706DBE826879AEBA5E20348 /* Features */,
				77DA4D4A2EB34A620046C0BF /* Luggma-Bridging-Header.h */,
			);
			path = LuggmaApp;
			sourceTree = "<group>";
		};
		CEE2B8B7BB8E2518B3829D42 /* Core */ = {
			isa = PBXGroup;
			children = (
				BE0068FC9B279688FA01BB67 /* Environment.swift */,
				3A6AD7AC26D5F2A346512598 /* Networking.swift */,
			);
			path = Core;
			sourceTree = "<group>";
		};
		DCE8FFB1ED4DB5A9DDC91CED /* Stories */ = {
			isa = PBXGroup;
			children = (
				F68FB915608A0E480D87E0CB /* Story_ArchiveView.swift */,
				00ECDE20014762CB432E9453 /* Story_CameraView.swift */,
				441919B6E3D70A389D22A8CA /* Story_EditorView.swift */,
				B515446AFDE087EFADA980BE /* Story_PreviewView.swift */,
				D6D8376399576DB05889689A /* Story_ViewerView.swift */,
			);
			path = Stories;
			sourceTree = "<group>";
		};
		E38D478119BCEB86106505B1 /* Frameworks */ = {
			isa = PBXGroup;
			children = (
				C2A265CEE760A105CC72F95D /* Pods_Luggma.framework */,
			);
			name = Frameworks;
			sourceTree = "<group>";
		};
		E57936B7DFC992E7774C5FAE /* Location */ = {
			isa = PBXGroup;
			children = (
				86076E802CD63978BD3943FF /* Location_PermissionView.swift */,
				82329CC482807B7C42E35528 /* Location_PickerView.swift */,
			);
			path = Location;
			sourceTree = "<group>";
		};
		E6F20C974810C34F3757BF7D /* Onboarding */ = {
			isa = PBXGroup;
			children = (
				E853F978B2D14D25DD56859D /* Onboarding_AssessmentView.swift */,
				F5570C3BFBE5AD84A7761ED7 /* Onboarding_BenefitsView.swift */,
				F51B7E578477271F9A776992 /* Onboarding_ConsentView.swift */,
				118EDB7E7BC2EC08B5B3E085 /* Onboarding_PlanReadyView.swift */,
				3857FDF77DE52C7154806B96 /* Onboarding_SignInView.swift */,
				AA2AD0B3EDB311B1F3D7D3BA /* Onboarding_WelcomeView.swift */,
			);
			path = Onboarding;
			sourceTree = "<group>";
		};
		F43DC12C2792422B0957F5FF /* Premium */ = {
			isa = PBXGroup;
			children = (
				89AEB756863CC8437E689A0D /* Premium_BenefitsView.swift */,
				A3FC9AAF87429FF2D85921A8 /* Premium_ManageSubscriptionView.swift */,
				2E722046BEADB4173818ABDC /* Premium_PaywallView.swift */,
			);
			path = Premium;
			sourceTree = "<group>";
		};
		FA49251E81AF2DABBF906A89 /* DesignSystem */ = {
			isa = PBXGroup;
			children = (
				2B54C4D93E229D02C6760B89 /* LiveInspectorKit.swift */,
				5DF9F2E7C59E4E08B9F77602 /* InspectorCore.swift */,
				10B0E4C6F3EA83606F7AC45B /* DebugLayoutRecorder.swift */,
				3B4558B14A844888A3E5F104 /* DebugConnect.swift */,
				88D59DC7C65D7076E1E0B9B3 /* DebugTag.swift */,
				91147A155DC2D8EACD9C7929 /* Theme.swift */,
			);
			path = DesignSystem;
			sourceTree = "<group>";
		};
/* End PBXGroup section */

/* Begin PBXNativeTarget section */
		007C2ED58317A716BA627D8B /* Luggma */ = {
			isa = PBXNativeTarget;
			buildConfigurationList = 17435403648F986791766C40 /* Build configuration list for PBXNativeTarget "Luggma" */;
			buildPhases = (
				3EAF4CD8491C63C70437653E /* [CP] Check Pods Manifest.lock */,
				A85B488D1F7A7B6A593A97EC /* Sources */,
				543DD1044953A0CD6F9F336F /* Frameworks */,
				DB2DA08C3BE677B3EA1C5139 /* [CP] Embed Pods Frameworks */,
			);
			buildRules = (
			);
			dependencies = (
			);
			name = Luggma;
			productName = Luggma;
			productReference = B4A8EFE44C26134AFE7FA49F /* Luggma.app */;
			productType = "com.apple.product-type.application";
		};
/* End PBXNativeTarget section */

/* Begin PBXProject section */
		CBBEFF83EAD985622B295C89 /* Project object */ = {
			isa = PBXProject;
			attributes = {
				BuildIndependentTargetsInParallel = YES;
				LastUpgradeCheck = 2600;
				TargetAttributes = {
					007C2ED58317A716BA627D8B = {
						LastSwiftMigration = 2600;
						ProvisioningStyle = Automatic;
					};
				};
			};
			buildConfigurationList = 4824381FC32257B86057F31B /* Build configuration list for PBXProject "Luggma" */;
			compatibilityVersion = "Xcode 14.0";
			developmentRegion = en;
			hasScannedForEncodings = 0;
			knownRegions = (
				Base,
				en,
			);
			mainGroup = 344A37157A987B534682979B;
			minimizedProjectReferenceProxies = 1;
			productRefGroup = 94890B8122A4FD6F60FF8AD4 /* Products */;
			projectDirPath = "";
			projectRoot = "";
			targets = (
				007C2ED58317A716BA627D8B /* Luggma */,
			);
		};
/* End PBXProject section */

/* Begin PBXShellScriptBuildPhase section */
		3EAF4CD8491C63C70437653E /* [CP] Check Pods Manifest.lock */ = {
			isa = PBXShellScriptBuildPhase;
			buildActionMask = 2147483647;
			files = (
			);
			inputFileListPaths = (
			);
			inputPaths = (
				"${PODS_PODFILE_DIR_PATH}/Podfile.lock",
				"${PODS_ROOT}/Manifest.lock",
			);
			name = "[CP] Check Pods Manifest.lock";
			outputFileListPaths = (
			);
			outputPaths = (
				"$(DERIVED_FILE_DIR)/Pods-Luggma-checkManifestLockResult.txt",
			);
			runOnlyForDeploymentPostprocessing = 0;
			shellPath = /bin/sh;
			shellScript = "diff \"${PODS_PODFILE_DIR_PATH}/Podfile.lock\" \"${PODS_ROOT}/Manifest.lock\" > /dev/null\nif [ $? != 0 ] ; then\n    # print error to STDERR\n    echo \"error: The sandbox is not in sync with the Podfile.lock. Run 'pod install' or update your CocoaPods installation.\" >&2\n    exit 1\nfi\n# This output is used by Xcode 'outputs' to avoid re-running this script phase.\necho \"SUCCESS\" > \"${SCRIPT_OUTPUT_FILE_0}\"\n";
			showEnvVarsInLog = 0;
		};
		DB2DA08C3BE677B3EA1C5139 /* [CP] Embed Pods Frameworks */ = {
			isa = PBXShellScriptBuildPhase;
			buildActionMask = 2147483647;
			files = (
			);
			inputFileListPaths = (
				"${PODS_ROOT}/Target Support Files/Pods-Luggma/Pods-Luggma-frameworks-${CONFIGURATION}-input-files.xcfilelist",
			);
			name = "[CP] Embed Pods Frameworks";
			outputFileListPaths = (
				"${PODS_ROOT}/Target Support Files/Pods-Luggma/Pods-Luggma-frameworks-${CONFIGURATION}-output-files.xcfilelist",
			);
			runOnlyForDeploymentPostprocessing = 0;
			shellPath = /bin/sh;
			shellScript = "\"${PODS_ROOT}/Target Support Files/Pods-Luggma/Pods-Luggma-frameworks.sh\"\n";
			showEnvVarsInLog = 0;
		};
/* End PBXShellScriptBuildPhase section */

/* Begin PBXSourcesBuildPhase section */
		A85B488D1F7A7B6A593A97EC /* Sources */ = {
			isa = PBXSourcesBuildPhase;
			buildActionMask = 2147483647;
			files = (
				8FA2B2FC5AC525160E294241 /* Analytics_DashboardView.swift in Sources */,
				67CE52F8C6E034E5BB6A96BE /* Analytics_ProgressChartsView.swift in Sources */,
				6E0B6144CFFBE428253C254B /* Analytics_WeeklySummaryView.swift in Sources */,
				5D4085ED064F4841FCF506FD /* AnimatedCheckmark.swift in Sources */,
				8DBD1EEFE35F2811ED234275 /* AppRouter.swift in Sources */,
				403C7212B25F3402DE0BB794 /* AppTabView.swift in Sources */,
				792427A18F0F243A5F6EB539 /* BreathingCircle.swift in Sources */,
				245B54FD03B210468CCF8297 /* CoachCall_CallNowView.swift in Sources */,
				0C620A261866A2AF0F2AA3F9 /* CoachCall_HomeView.swift in Sources */,
				50EEFE2C674EB1258CD38F1E /* CoachCall_NotesView.swift in Sources */,
				69D3BABC2515F9DCE0CD0451 /* CoachCall_ScheduleView.swift in Sources */,
				4A4F52E611CEF11DCBF01407 /* CoachCall_SummaryView.swift in Sources */,
				F566DC415A5D9C2573C062D7 /* Community_CommentsView.swift in Sources */,
				C1B2371FED05E7ADA5BB1589 /* Community_FeedView.swift in Sources */,
				34292660A08828A28048FAE0 /* Community_PostComposerView.swift in Sources */,
				C6C80688570C0B38BCE352AB /* Community_PostDetailView.swift in Sources */,
				7F1B90397B7CAD04C58BF53E /* Community_ProfileView.swift in Sources */,
				FC668D8E72950EC2ACA209A2 /* Community_ReportView.swift in Sources */,
				EA26FBB9E0FC5D3EC08A34C2 /* Community_SearchView.swift in Sources */,
				DA4AD1DAC6E595B9ED3CC417 /* Environment.swift in Sources */,
				0331E1DB808CB25C78363F58 /* HomeView.swift in Sources */,
				C0A75646CA8731B30984FC7A /* Lessons_HomeView.swift in Sources */,
				3EAC3FF124E3839622F511BF /* Location_PermissionView.swift in Sources */,
				01140F00FC8566F5CF1B2B73 /* Location_PickerView.swift in Sources */,
				085090371FE025DAAC69C23C /* LuggmaApp.swift in Sources */,
				9FF05B171A7A3BFAE3670190 /* Media_PickerView.swift in Sources */,
				983EA92B65676F3940D76639 /* Media_PlayerView.swift in Sources */,
				1AE24B759D480DA1F1D55717 /* Media_UploadProgressView.swift in Sources */,
				099B6A7F462F6E1172D51CDB /* Networking.swift in Sources */,
				3B18A5D16E2D49398C00E7BE /* Onboarding_AssessmentView.swift in Sources */,
				2CF39398F1EFAD22E8C6E40F /* Onboarding_BenefitsView.swift in Sources */,
				5D7E5B728AFAFE6EF871D6E1 /* Onboarding_ConsentView.swift in Sources */,
				811CC45936881246FFAA619D /* Onboarding_PlanReadyView.swift in Sources */,
				A16B3EB5E92A77B9E31F926F /* Onboarding_SignInView.swift in Sources */,
				4B78D2AD4413CD76AAC3831F /* Onboarding_WelcomeView.swift in Sources */,
				BFAAE4E04BD0F91FDD6E5956 /* Plan_HistoryView.swift in Sources */,
				30BB99EDCE58280ECB308E17 /* Plan_OverviewView.swift in Sources */,
				CB5932265C3A8FC9C1AD118B /* Plan_QuitDatePickerView.swift in Sources */,
				389BE065698BE18E066124BD /* Plan_ReminderSettingsView.swift in Sources */,
				AC45B2264158260BFB5A4D4E /* Plan_TaskListView.swift in Sources */,
				CD29750F907B8991419EF0BD /* Plan_WeeklyReportView.swift in Sources */,
				CB3F11000C31C40E55A37FF6 /* Premium_BenefitsView.swift in Sources */,
				29883BCEA4088C75DA7AA056 /* Premium_ManageSubscriptionView.swift in Sources */,
				468F76B4343C229C655E7171 /* Premium_PaywallView.swift in Sources */,
				C96E533887F4A3E93EB529C6 /* Profile_AboutView.swift in Sources */,
				75968C89453B2B0ACA4E2C66 /* Profile_BadgesView.swift in Sources */,
				BC04B41237988F41EDDEB715 /* Profile_EditProfileView.swift in Sources */,
				2666E2E7BE1294B33FAAE63D /* Profile_HomeView.swift in Sources */,
				B9952C191BA905C866CA1069 /* Profile_LegalView.swift in Sources */,
				49188BED010107F9CD689D81 /* Profile_NotificationSettingsView.swift in Sources */,
				E674B9521D943642A50CB0FE /* Profile_PrivacySettingsView.swift in Sources */,
				668397CECB7F59F621DEF3A2 /* Profile_StreaksView.swift in Sources */,
				77DA4D4C2EB34A620046C0BF /* LookinBootstrap.m in Sources */,
				AE647A1253CF07676042B9E3 /* RootView.swift in Sources */,
				D4AE08098288562F3ED5C6D9 /* SOS_BreathingPracticeView.swift in Sources */,
				D48B647280999BB264AF563F /* SOS_BreathingView.swift in Sources */,
				62024A54D115B9864407F6CF /* SOS_CompleteView.swift in Sources */,
				2C667ED1649A688542214C99 /* SOS_DistractionCardsView.swift in Sources */,
				59B0CB0004956F030FD6BFF6 /* SOS_HomeView.swift in Sources */,
				410A0D6D3880FA7277120F68 /* SOS_ReframeView.swift in Sources */,
				B1030017F5CDBD49D40BBCD1 /* Settings_AppSettingsView.swift in Sources */,
				B9D553A5114CB6FEAECE67F2 /* Settings_DebugView.swift in Sources */,
				93A3FABCD74D35678FB0CE97 /* Settings_ThemePickerView.swift in Sources */,
				CEE5EE43071D7C5E117B0D72 /* Shop_AddressBookView.swift in Sources */,
				F3D171B99090AA6D81FA1DF6 /* Shop_CartView.swift in Sources */,
				877285B9B11E17F43192C4F6 /* Shop_CheckoutView.swift in Sources */,
				0D6454CFFD116E13D25E559D /* Shop_HomeView.swift in Sources */,
				1895D92198EFE2636FE0D601 /* Shop_OrderHistoryView.swift in Sources */,
				15432C94D65EA42FBBD43391 /* Shop_OrderSummaryView.swift in Sources */,
				6C779BBB292526ACEC07D490 /* Shop_ProductDetailView.swift in Sources */,
				FD458C18634602C28DD57539 /* Story_ArchiveView.swift in Sources */,
				CA3D11F55B67D6C97FDE32A2 /* Story_CameraView.swift in Sources */,
				2DA78B1DA1BB3A0451BE1129 /* Story_EditorView.swift in Sources */,
				12375C24A4A8BECC4A1B455C /* Story_PreviewView.swift in Sources */,
				F9CE48F5A6ABB9F04361BF58 /* Story_ViewerView.swift in Sources */,
				12875F2B7F79B7CE7F07B6D3 /* DebugTag.swift in Sources */,
				19A33E67B96949D7A1D5E9A5 /* DebugConnect.swift in Sources */,
				2ADBABF13A95898E8BF8F80D /* DebugLayoutRecorder.swift in Sources */,
				5F4C9BEBA3FEC0AF4B21D0DE /* InspectorCore.swift in Sources */,
				4F76E7C8AFBA6C04F2B9B6BE /* LiveInspectorKit.swift in Sources */,
				C464DC401CD65AE0E302A617 /* Theme.swift in Sources */,
			);
			runOnlyForDeploymentPostprocessing = 0;
		};
/* End PBXSourcesBuildPhase section */

/* Begin XCBuildConfiguration section */
		7B2577032AB7714327417E8F /* Debug */ = {
			isa = XCBuildConfiguration;
			buildSettings = {
				ALWAYS_SEARCH_USER_PATHS = NO;
				CLANG_ANALYZER_NONNULL = YES;
				CLANG_ANALYZER_NUMBER_OBJECT_CONVERSION = YES_AGGRESSIVE;
				CLANG_CXX_LANGUAGE_STANDARD = "gnu++14";
				CLANG_CXX_LIBRARY = "libc++";
				CLANG_ENABLE_MODULES = YES;
				CLANG_ENABLE_OBJC_ARC = YES;
				CLANG_ENABLE_OBJC_WEAK = YES;
				CLANG_WARN_BLOCK_CAPTURE_AUTORELEASING = YES;
				CLANG_WARN_BOOL_CONVERSION = YES;
				CLANG_WARN_COMMA = YES;
				CLANG_WARN_CONSTANT_CONVERSION = YES;
				CLANG_WARN_DEPRECATED_OBJC_IMPLEMENTATIONS = YES;
				CLANG_WARN_DIRECT_OBJC_ISA_USAGE = YES_ERROR;
				CLANG_WARN_DOCUMENTATION_COMMENTS = YES;
				CLANG_WARN_EMPTY_BODY = YES;
				CLANG_WARN_ENUM_CONVERSION = YES;
				CLANG_WARN_INFINITE_RECURSION = YES;
				CLANG_WARN_INT_CONVERSION = YES;
				CLANG_WARN_NON_LITERAL_NULL_CONVERSION = YES;
				CLANG_WARN_OBJC_IMPLICIT_RETAIN_SELF = YES;
				CLANG_WARN_OBJC_LITERAL_CONVERSION = YES;
				CLANG_WARN_OBJC_ROOT_CLASS = YES_ERROR;
				CLANG_WARN_QUOTED_INCLUDE_IN_FRAMEWORK_HEADER = YES;
				CLANG_WARN_RANGE_LOOP_ANALYSIS = YES;
				CLANG_WARN_STRICT_PROTOTYPES = YES;
				CLANG_WARN_SUSPICIOUS_MOVE = YES;
				CLANG_WARN_UNGUARDED_AVAILABILITY = YES_AGGRESSIVE;
				CLANG_WARN_UNREACHABLE_CODE = YES;
				CLANG_WARN__DUPLICATE_METHOD_MATCH = YES;
				COPY_PHASE_STRIP = NO;
				DEBUG_INFORMATION_FORMAT = dwarf;
				ENABLE_STRICT_OBJC_MSGSEND = YES;
				ENABLE_TESTABILITY = YES;
				ENABLE_USER_SCRIPT_SANDBOXING = YES;
				GCC_C_LANGUAGE_STANDARD = gnu11;
				GCC_DYNAMIC_NO_PIC = NO;
				GCC_NO_COMMON_BLOCKS = YES;
				GCC_OPTIMIZATION_LEVEL = 0;
				GCC_PREPROCESSOR_DEFINITIONS = (
					"$(inherited)",
					"DEBUG=1",
				);
				GCC_WARN_64_TO_32_BIT_CONVERSION = YES;
				GCC_WARN_ABOUT_RETURN_TYPE = YES_ERROR;
				GCC_WARN_UNDECLARED_SELECTOR = YES;
				GCC_WARN_UNINITIALIZED_AUTOS = YES_AGGRESSIVE;
				GCC_WARN_UNUSED_FUNCTION = YES;
				GCC_WARN_UNUSED_VARIABLE = YES;
				MTL_ENABLE_DEBUG_INFO = INCLUDE_SOURCE;
				MTL_FAST_MATH = YES;
				ONLY_ACTIVE_ARCH = YES;
				PRODUCT_NAME = "$(TARGET_NAME)";
				SDKROOT = iphoneos;
				STRING_CATALOG_GENERATE_SYMBOLS = YES;
				SWIFT_ACTIVE_COMPILATION_CONDITIONS = DEBUG;
				SWIFT_OPTIMIZATION_LEVEL = "-Onone";
				SWIFT_VERSION = 5.0;
			};
			name = Debug;
		};
		A93AFA5D6CE06115BD2123F3 /* Debug */ = {
			isa = XCBuildConfiguration;
			baseConfigurationReference = 7FF279CF812475276247E0C7 /* Pods-Luggma.debug.xcconfig */;
			buildSettings = {
				ASSETCATALOG_COMPILER_APPICON_NAME = AppIcon;
				CLANG_ENABLE_MODULES = YES;
				CODE_SIGN_IDENTITY = "iPhone Developer";
				CODE_SIGN_STYLE = Automatic;
				COCOAPODS_DISABLE_SCRIPTS_PHASES_SANDBOX = YES;
				ENABLE_USER_SCRIPT_SANDBOXING = NO;
				INFOPLIST_FILE = LuggmaApp/Info.plist;
				IPHONEOS_DEPLOYMENT_TARGET = 16.0;
				LD_RUNPATH_SEARCH_PATHS = (
					"$(inherited)",
					"@executable_path/Frameworks",
				);
				PRODUCT_BUNDLE_IDENTIFIER = com.luggma.app;
				SDKROOT = iphoneos;
				SWIFT_OBJC_BRIDGING_HEADER = "LuggmaApp/Luggma-Bridging-Header.h";
				SWIFT_OPTIMIZATION_LEVEL = "-Onone";
				SWIFT_VERSION = 5.9;
				TARGETED_DEVICE_FAMILY = "1,2";
			};
			name = Debug;
		};
		EF676E1461D38428DC8914D0 /* Release */ = {
			isa = XCBuildConfiguration;
			buildSettings = {
				ALWAYS_SEARCH_USER_PATHS = NO;
				CLANG_ANALYZER_NONNULL = YES;
				CLANG_ANALYZER_NUMBER_OBJECT_CONVERSION = YES_AGGRESSIVE;
				CLANG_CXX_LANGUAGE_STANDARD = "gnu++14";
				CLANG_CXX_LIBRARY = "libc++";
				CLANG_ENABLE_MODULES = YES;
				CLANG_ENABLE_OBJC_ARC = YES;
				CLANG_ENABLE_OBJC_WEAK = YES;
				CLANG_WARN_BLOCK_CAPTURE_AUTORELEASING = YES;
				CLANG_WARN_BOOL_CONVERSION = YES;
				CLANG_WARN_COMMA = YES;
				CLANG_WARN_CONSTANT_CONVERSION = YES;
				CLANG_WARN_DEPRECATED_OBJC_IMPLEMENTATIONS = YES;
				CLANG_WARN_DIRECT_OBJC_ISA_USAGE = YES_ERROR;
				CLANG_WARN_DOCUMENTATION_COMMENTS = YES;
				CLANG_WARN_EMPTY_BODY = YES;
				CLANG_WARN_ENUM_CONVERSION = YES;
				CLANG_WARN_INFINITE_RECURSION = YES;
				CLANG_WARN_INT_CONVERSION = YES;
				CLANG_WARN_NON_LITERAL_NULL_CONVERSION = YES;
				CLANG_WARN_OBJC_IMPLICIT_RETAIN_SELF = YES;
				CLANG_WARN_OBJC_LITERAL_CONVERSION = YES;
				CLANG_WARN_OBJC_ROOT_CLASS = YES_ERROR;
				CLANG_WARN_QUOTED_INCLUDE_IN_FRAMEWORK_HEADER = YES;
				CLANG_WARN_RANGE_LOOP_ANALYSIS = YES;
				CLANG_WARN_STRICT_PROTOTYPES = YES;
				CLANG_WARN_SUSPICIOUS_MOVE = YES;
				CLANG_WARN_UNGUARDED_AVAILABILITY = YES_AGGRESSIVE;
				CLANG_WARN_UNREACHABLE_CODE = YES;
				CLANG_WARN__DUPLICATE_METHOD_MATCH = YES;
				COPY_PHASE_STRIP = NO;
				DEBUG_INFORMATION_FORMAT = "dwarf-with-dsym";
				ENABLE_NS_ASSERTIONS = NO;
				ENABLE_STRICT_OBJC_MSGSEND = YES;
				ENABLE_USER_SCRIPT_SANDBOXING = YES;
				GCC_C_LANGUAGE_STANDARD = gnu11;
				GCC_NO_COMMON_BLOCKS = YES;
				GCC_WARN_64_TO_32_BIT_CONVERSION = YES;
				GCC_WARN_ABOUT_RETURN_TYPE = YES_ERROR;
				GCC_WARN_UNDECLARED_SELECTOR = YES;
				GCC_WARN_UNINITIALIZED_AUTOS = YES_AGGRESSIVE;
				GCC_WARN_UNUSED_FUNCTION = YES;
				GCC_WARN_UNUSED_VARIABLE = YES;
				MTL_ENABLE_DEBUG_INFO = NO;
				MTL_FAST_MATH = YES;
				PRODUCT_NAME = "$(TARGET_NAME)";
				SDKROOT = iphoneos;
				STRING_CATALOG_GENERATE_SYMBOLS = YES;
				SWIFT_COMPILATION_MODE = wholemodule;
				SWIFT_OPTIMIZATION_LEVEL = "-O";
				SWIFT_VERSION = 5.0;
			};
			name = Release;
		};
		F414F2198822685101CE88E4 /* Release */ = {
			isa = XCBuildConfiguration;
			baseConfigurationReference = 7A0654B549F976A37AF9BCC1 /* Pods-Luggma.release.xcconfig */;
			buildSettings = {
				ASSETCATALOG_COMPILER_APPICON_NAME = AppIcon;
				CLANG_ENABLE_MODULES = YES;
				CODE_SIGN_IDENTITY = "iPhone Developer";
				CODE_SIGN_STYLE = Automatic;
				COCOAPODS_DISABLE_SCRIPTS_PHASES_SANDBOX = YES;
				ENABLE_USER_SCRIPT_SANDBOXING = NO;
				INFOPLIST_FILE = LuggmaApp/Info.plist;
				IPHONEOS_DEPLOYMENT_TARGET = 16.0;
				LD_RUNPATH_SEARCH_PATHS = (
					"$(inherited)",
					"@executable_path/Frameworks",
				);
				PRODUCT_BUNDLE_IDENTIFIER = com.luggma.app;
				SDKROOT = iphoneos;
				SWIFT_OBJC_BRIDGING_HEADER = "LuggmaApp/Luggma-Bridging-Header.h";
				SWIFT_VERSION = 5.9;
				TARGETED_DEVICE_FAMILY = "1,2";
			};
			name = Release;
		};
/* End XCBuildConfiguration section */

/* Begin XCConfigurationList section */
		17435403648F986791766C40 /* Build configuration list for PBXNativeTarget "Luggma" */ = {
			isa = XCConfigurationList;
			buildConfigurations = (
				A93AFA5D6CE06115BD2123F3 /* Debug */,
				F414F2198822685101CE88E4 /* Release */,
			);
			defaultConfigurationIsVisible = 0;
			defaultConfigurationName = Debug;
		};
		4824381FC32257B86057F31B /* Build configuration list for PBXProject "Luggma" */ = {
			isa = XCConfigurationList;
			buildConfigurations = (
				7B2577032AB7714327417E8F /* Debug */,
				EF676E1461D38428DC8914D0 /* Release */,
			);
			defaultConfigurationIsVisible = 0;
			defaultConfigurationName = Debug;
		};
/* End XCConfigurationList section */
	};
	rootObject = CBBEFF83EAD985622B295C89 /* Project object */;
}
